
Microsoft Visual Studio Solution File, Format Version 12.00
# Visual Studio Version 17
VisualStudioVersion = 17.0.31903.59
MinimumVisualStudioVersion = 10.0.40219.1
Project("{2150E333-8FDC-42A3-9474-1A3956D46DE8}") = "src", "src", "{1D142D4D-350D-4874-BAF1-890A2F1966CD}"
EndProject
Project("{FAE04EC0-301F-11D3-BF4B-00C04F79EFBC}") = "ToDoList.Domain", "src\ToDoList.Domain\ToDoList.Domain.csproj", "{9D353BE1-AC7A-4C68-B1A8-ACF6FC2E16F8}"
EndProject
Project("{FAE04EC0-301F-11D3-BF4B-00C04F79EFBC}") = "ToDoList.WebApi", "src\ToDoList.WebApi\ToDoList.WebApi.csproj", "{26E7E8F8-C2DC-48A6-9E2E-1A06E03122BF}"
EndProject
Global
	GlobalSection(SolutionConfigurationPlatforms) = preSolution
		Debug|Any CPU = Debug|Any CPU
		Release|Any CPU = Release|Any CPU
	EndGlobalSection
	GlobalSection(SolutionProperties) = preSolution
		HideSolutionNode = FALSE
	EndGlobalSection
	GlobalSection(ProjectConfigurationPlatforms) = postSolution
		{9D353BE1-AC7A-4C68-B1A8-ACF6FC2E16F8}.Debug|Any CPU.ActiveCfg = Debug|Any CPU
		{9D353BE1-AC7A-4C68-B1A8-ACF6FC2E16F8}.Debug|Any CPU.Build.0 = Debug|Any CPU
		{9D353BE1-AC7A-4C68-B1A8-ACF6FC2E16F8}.Release|Any CPU.ActiveCfg = Release|Any CPU
		{9D353BE1-AC7A-4C68-B1A8-ACF6FC2E16F8}.Release|Any CPU.Build.0 = Release|Any CPU
		{26E7E8F8-C2DC-48A6-9E2E-1A06E03122BF}.Debug|Any CPU.ActiveCfg = Debug|Any CPU
		{26E7E8F8-C2DC-48A6-9E2E-1A06E03122BF}.Debug|Any CPU.Build.0 = Debug|Any CPU
		{26E7E8F8-C2DC-48A6-9E2E-1A06E03122BF}.Release|Any CPU.ActiveCfg = Release|Any CPU
		{26E7E8F8-C2DC-48A6-9E2E-1A06E03122BF}.Release|Any CPU.Build.0 = Release|Any CPU
	EndGlobalSection
	GlobalSection(NestedProjects) = preSolution
		{9D353BE1-AC7A-4C68-B1A8-ACF6FC2E16F8} = {1D142D4D-350D-4874-BAF1-890A2F1966CD}
		{26E7E8F8-C2DC-48A6-9E2E-1A06E03122BF} = {1D142D4D-350D-4874-BAF1-890A2F1966CD}
	EndGlobalSection
EndGlobal
